
Microsoft Visual Studio Solution File, Format Version 12.00
# Visual Studio Version 17
VisualStudioVersion = 17.9.34607.119
MinimumVisualStudioVersion = 10.0.40219.1
Project("{FAE04EC0-301F-11D3-BF4B-00C04F79EFBC}") = "DependencyInjectionLifetimesUsingMVC", "DependencyInjectionLifetimesUsingMVC\DependencyInjectionLifetimesUsingMVC.csproj", "{C81F5840-516D-4A8E-8800-C1F458196AE1}"
EndProject
Global
	GlobalSection(SolutionConfigurationPlatforms) = preSolution
		Debug|Any CPU = Debug|Any CPU
		Release|Any CPU = Release|Any CPU
	EndGlobalSection
	GlobalSection(ProjectConfigurationPlatforms) = postSolution
		{C81F5840-516D-4A8E-8800-C1F458196AE1}.Debug|Any CPU.ActiveCfg = Debug|Any CPU
		{C81F5840-516D-4A8E-8800-C1F458196AE1}.Debug|Any CPU.Build.0 = Debug|Any CPU
		{C81F5840-516D-4A8E-8800-C1F458196AE1}.Release|Any CPU.ActiveCfg = Release|Any CPU
		{C81F5840-516D-4A8E-8800-C1F458196AE1}.Release|Any CPU.Build.0 = Release|Any CPU
	EndGlobalSection
	GlobalSection(SolutionProperties) = preSolution
		HideSolutionNode = FALSE
	EndGlobalSection
	GlobalSection(ExtensibilityGlobals) = postSolution
		SolutionGuid = {EEA7C66A-4417-40A7-8AD3-9B2B69E01A3A}
	EndGlobalSection
EndGlobal
